
Microsoft Visual Studio Solution File, Format Version 12.00
# Visual Studio Version 16
VisualStudioVersion = 16.0.34729.46
MinimumVisualStudioVersion = 10.0.40219.1
Project("{FAE04EC0-301F-11D3-BF4B-00C04F79EFBC}") = "PracticaFutbol", "PracticaFutbol\PracticaFutbol.csproj", "{6224C06C-93A5-4024-9D8E-6D5C3F6101C7}"
EndProject
Global
	GlobalSection(SolutionConfigurationPlatforms) = preSolution
		Debug|Any CPU = Debug|Any CPU
		Release|Any CPU = Release|Any CPU
	EndGlobalSection
	GlobalSection(ProjectConfigurationPlatforms) = postSolution
		{6224C06C-93A5-4024-9D8E-6D5C3F6101C7}.Debug|Any CPU.ActiveCfg = Debug|Any CPU
		{6224C06C-93A5-4024-9D8E-6D5C3F6101C7}.Debug|Any CPU.Build.0 = Debug|Any CPU
		{6224C06C-93A5-4024-9D8E-6D5C3F6101C7}.Release|Any CPU.ActiveCfg = Release|Any CPU
		{6224C06C-93A5-4024-9D8E-6D5C3F6101C7}.Release|Any CPU.Build.0 = Release|Any CPU
	EndGlobalSection
	GlobalSection(SolutionProperties) = preSolution
		HideSolutionNode = FALSE
	EndGlobalSection
	GlobalSection(ExtensibilityGlobals) = postSolution
		SolutionGuid = {95A2464F-FF35-4C13-8F84-21690231D7FF}
	EndGlobalSection
EndGlobal
